
Microsoft Visual Studio Solution File, Format Version 12.00
# Visual Studio 15
VisualStudioVersion = 15.0.27004.2002
MinimumVisualStudioVersion = 10.0.40219.1
Project("{FAE04EC0-301F-11D3-BF4B-00C04F79EFBC}") = "Talladega_HII_Exhibition", "Talladega_HII_Exhibition\Talladega_HII_Exhibition.csproj", "{9A8E2E29-1598-4131-8070-B03F57D020CB}"
EndProject
Global
	GlobalSection(SolutionConfigurationPlatforms) = preSolution
		Debug|Any CPU = Debug|Any CPU
		Release|Any CPU = Release|Any CPU
	EndGlobalSection
	GlobalSection(ProjectConfigurationPlatforms) = postSolution
		{9A8E2E29-1598-4131-8070-B03F57D020CB}.Debug|Any CPU.ActiveCfg = Debug|Any CPU
		{9A8E2E29-1598-4131-8070-B03F57D020CB}.Debug|Any CPU.Build.0 = Debug|Any CPU
		{9A8E2E29-1598-4131-8070-B03F57D020CB}.Release|Any CPU.ActiveCfg = Release|Any CPU
		{9A8E2E29-1598-4131-8070-B03F57D020CB}.Release|Any CPU.Build.0 = Release|Any CPU
	EndGlobalSection
	GlobalSection(SolutionProperties) = preSolution
		HideSolutionNode = FALSE
	EndGlobalSection
	GlobalSection(ExtensibilityGlobals) = postSolution
		SolutionGuid = {5A88587A-4B49-41D4-AA70-DB6D07884523}
	EndGlobalSection
EndGlobal
